
Microsoft Visual Studio Solution File, Format Version 12.00
# Visual Studio Version 16
VisualStudioVersion = 16.0.30611.23
MinimumVisualStudioVersion = 10.0.40219.1
Project("{9A19103F-16F7-4668-BE54-9A1E7A4F7556}") = "Uppgift1", "Uppgift1\Uppgift1.csproj", "{251A85E8-456A-46B4-895F-5722950FBC8D}"
EndProject
Project("{9A19103F-16F7-4668-BE54-9A1E7A4F7556}") = "Uppgift2", "Uppgift2\Uppgift2.csproj", "{40A1773F-3B52-46D1-BD5A-9AF0BC95A0DE}"
EndProject
Project("{9A19103F-16F7-4668-BE54-9A1E7A4F7556}") = "Uppgift3", "Uppgift3\Uppgift3.csproj", "{4EDFD750-F95B-4BE6-B2E2-2451D28EED7E}"
EndProject
Project("{9A19103F-16F7-4668-BE54-9A1E7A4F7556}") = "Uppgift4", "Uppgift4\Uppgift4.csproj", "{84088023-29DD-4C30-8927-61E7623C4326}"
EndProject
Project("{9A19103F-16F7-4668-BE54-9A1E7A4F7556}") = "Uppgift5", "Uppgift5\Uppgift5.csproj", "{39CF4F84-65F6-423E-8575-0C36307FB56F}"
EndProject
Project("{9A19103F-16F7-4668-BE54-9A1E7A4F7556}") = "Uppgift6", "Uppgift6\Uppgift6.csproj", "{D48766CB-D9BE-4E05-A8C8-72DA5A72DA41}"
EndProject
Project("{9A19103F-16F7-4668-BE54-9A1E7A4F7556}") = "Uppgift7", "Uppgift7\Uppgift7.csproj", "{07E71053-5C04-4712-BC19-651148F288D2}"
EndProject
Project("{9A19103F-16F7-4668-BE54-9A1E7A4F7556}") = "Uppgift8", "Uppgift8\Uppgift8.csproj", "{8A2575AE-E94C-46B3-8FC7-63EEC7733734}"
EndProject
Project("{FAE04EC0-301F-11D3-BF4B-00C04F79EFBC}") = "Uppgift9a", "Uppgift9a\Uppgift9a.csproj", "{51CC31E8-B55B-4C26-BDC4-F6609A296A72}"
EndProject
Global
	GlobalSection(SolutionConfigurationPlatforms) = preSolution
		Debug|Any CPU = Debug|Any CPU
		Release|Any CPU = Release|Any CPU
	EndGlobalSection
	GlobalSection(ProjectConfigurationPlatforms) = postSolution
		{251A85E8-456A-46B4-895F-5722950FBC8D}.Debug|Any CPU.ActiveCfg = Debug|Any CPU
		{251A85E8-456A-46B4-895F-5722950FBC8D}.Debug|Any CPU.Build.0 = Debug|Any CPU
		{251A85E8-456A-46B4-895F-5722950FBC8D}.Release|Any CPU.ActiveCfg = Release|Any CPU
		{251A85E8-456A-46B4-895F-5722950FBC8D}.Release|Any CPU.Build.0 = Release|Any CPU
		{40A1773F-3B52-46D1-BD5A-9AF0BC95A0DE}.Debug|Any CPU.ActiveCfg = Debug|Any CPU
		{40A1773F-3B52-46D1-BD5A-9AF0BC95A0DE}.Debug|Any CPU.Build.0 = Debug|Any CPU
		{40A1773F-3B52-46D1-BD5A-9AF0BC95A0DE}.Release|Any CPU.ActiveCfg = Release|Any CPU
		{40A1773F-3B52-46D1-BD5A-9AF0BC95A0DE}.Release|Any CPU.Build.0 = Release|Any CPU
		{4EDFD750-F95B-4BE6-B2E2-2451D28EED7E}.Debug|Any CPU.ActiveCfg = Debug|Any CPU
		{4EDFD750-F95B-4BE6-B2E2-2451D28EED7E}.Debug|Any CPU.Build.0 = Debug|Any CPU
		{4EDFD750-F95B-4BE6-B2E2-2451D28EED7E}.Release|Any CPU.ActiveCfg = Release|Any CPU
		{4EDFD750-F95B-4BE6-B2E2-2451D28EED7E}.Release|Any CPU.Build.0 = Release|Any CPU
		{84088023-29DD-4C30-8927-61E7623C4326}.Debug|Any CPU.ActiveCfg = Debug|Any CPU
		{84088023-29DD-4C30-8927-61E7623C4326}.Debug|Any CPU.Build.0 = Debug|Any CPU
		{84088023-29DD-4C30-8927-61E7623C4326}.Release|Any CPU.ActiveCfg = Release|Any CPU
		{84088023-29DD-4C30-8927-61E7623C4326}.Release|Any CPU.Build.0 = Release|Any CPU
		{39CF4F84-65F6-423E-8575-0C36307FB56F}.Debug|Any CPU.ActiveCfg = Debug|Any CPU
		{39CF4F84-65F6-423E-8575-0C36307FB56F}.Debug|Any CPU.Build.0 = Debug|Any CPU
		{39CF4F84-65F6-423E-8575-0C36307FB56F}.Release|Any CPU.ActiveCfg = Release|Any CPU
		{39CF4F84-65F6-423E-8575-0C36307FB56F}.Release|Any CPU.Build.0 = Release|Any CPU
		{D48766CB-D9BE-4E05-A8C8-72DA5A72DA41}.Debug|Any CPU.ActiveCfg = Debug|Any CPU
		{D48766CB-D9BE-4E05-A8C8-72DA5A72DA41}.Debug|Any CPU.Build.0 = Debug|Any CPU
		{D48766CB-D9BE-4E05-A8C8-72DA5A72DA41}.Release|Any CPU.ActiveCfg = Release|Any CPU
		{D48766CB-D9BE-4E05-A8C8-72DA5A72DA41}.Release|Any CPU.Build.0 = Release|Any CPU
		{07E71053-5C04-4712-BC19-651148F288D2}.Debug|Any CPU.ActiveCfg = Debug|Any CPU
		{07E71053-5C04-4712-BC19-651148F288D2}.Debug|Any CPU.Build.0 = Debug|Any CPU
		{07E71053-5C04-4712-BC19-651148F288D2}.Release|Any CPU.ActiveCfg = Release|Any CPU
		{07E71053-5C04-4712-BC19-651148F288D2}.Release|Any CPU.Build.0 = Release|Any CPU
		{8A2575AE-E94C-46B3-8FC7-63EEC7733734}.Debug|Any CPU.ActiveCfg = Debug|Any CPU
		{8A2575AE-E94C-46B3-8FC7-63EEC7733734}.Debug|Any CPU.Build.0 = Debug|Any CPU
		{8A2575AE-E94C-46B3-8FC7-63EEC7733734}.Release|Any CPU.ActiveCfg = Release|Any CPU
		{8A2575AE-E94C-46B3-8FC7-63EEC7733734}.Release|Any CPU.Build.0 = Release|Any CPU
		{51CC31E8-B55B-4C26-BDC4-F6609A296A72}.Debug|Any CPU.ActiveCfg = Debug|Any CPU
		{51CC31E8-B55B-4C26-BDC4-F6609A296A72}.Debug|Any CPU.Build.0 = Debug|Any CPU
		{51CC31E8-B55B-4C26-BDC4-F6609A296A72}.Release|Any CPU.ActiveCfg = Release|Any CPU
		{51CC31E8-B55B-4C26-BDC4-F6609A296A72}.Release|Any CPU.Build.0 = Release|Any CPU
	EndGlobalSection
	GlobalSection(SolutionProperties) = preSolution
		HideSolutionNode = FALSE
	EndGlobalSection
	GlobalSection(ExtensibilityGlobals) = postSolution
		SolutionGuid = {DBBFA6A9-EBF5-4A96-8CE8-39F7DB7265B7}
	EndGlobalSection
EndGlobal
